Microsoft Visual Studio Solution File, Format Version 11.00
# Visual Studio 2008

Project("{159C60C1-3313-6BDD-0D65-2C52F6AFD474}") = "LinhaInimiga", "Assembly-CSharp.csproj", "{49757A86-E8BD-082C-4268-EBB564E848CD}"
EndProject
Global
	GlobalSection(SolutionConfigurationPlatforms) = preSolution
		Debug|Any CPU = Debug|Any CPU
		Release|Any CPU = Release|Any CPU
	EndGlobalSection
	GlobalSection(ProjectConfigurationPlatforms) = postSolution
		{49757A86-E8BD-082C-4268-EBB564E848CD}.Debug|Any CPU.ActiveCfg = Debug|Any CPU
		{49757A86-E8BD-082C-4268-EBB564E848CD}.Debug|Any CPU.Build.0 = Debug|Any CPU
		{49757A86-E8BD-082C-4268-EBB564E848CD}.Release|Any CPU.ActiveCfg = Release|Any CPU
		{49757A86-E8BD-082C-4268-EBB564E848CD}.Release|Any CPU.Build.0 = Release|Any CPU
	EndGlobalSection
	GlobalSection(SolutionProperties) = preSolution
		HideSolutionNode = FALSE
	EndGlobalSection
	GlobalSection(MonoDevelopProperties) = preSolution
		StartupItem = Assembly-CSharp.csproj
	EndGlobalSection
EndGlobal
